
Microsoft Visual Studio Solution File, Format Version 12.00
# Visual Studio Version 17
VisualStudioVersion = 17.6.33723.286
MinimumVisualStudioVersion = 10.0.40219.1
Project("{9A19103F-16F7-4668-BE54-9A1E7A4F7556}") = "Signal.Api", "Signal.Api\Signal.Api.csproj", "{8695EE22-1EAC-455B-8562-249DD3735B90}"
EndProject
Project("{9A19103F-16F7-4668-BE54-9A1E7A4F7556}") = "Blazor", "Blazor\Blazor.csproj", "{C071737D-9797-4547-826D-B4B71EE9F004}"
EndProject
Global
	GlobalSection(SolutionConfigurationPlatforms) = preSolution
		Debug|Any CPU = Debug|Any CPU
		Release|Any CPU = Release|Any CPU
	EndGlobalSection
	GlobalSection(ProjectConfigurationPlatforms) = postSolution
		{8695EE22-1EAC-455B-8562-249DD3735B90}.Debug|Any CPU.ActiveCfg = Debug|Any CPU
		{8695EE22-1EAC-455B-8562-249DD3735B90}.Debug|Any CPU.Build.0 = Debug|Any CPU
		{8695EE22-1EAC-455B-8562-249DD3735B90}.Release|Any CPU.ActiveCfg = Release|Any CPU
		{8695EE22-1EAC-455B-8562-249DD3735B90}.Release|Any CPU.Build.0 = Release|Any CPU
		{C071737D-9797-4547-826D-B4B71EE9F004}.Debug|Any CPU.ActiveCfg = Debug|Any CPU
		{C071737D-9797-4547-826D-B4B71EE9F004}.Debug|Any CPU.Build.0 = Debug|Any CPU
		{C071737D-9797-4547-826D-B4B71EE9F004}.Release|Any CPU.ActiveCfg = Release|Any CPU
		{C071737D-9797-4547-826D-B4B71EE9F004}.Release|Any CPU.Build.0 = Release|Any CPU
	EndGlobalSection
	GlobalSection(SolutionProperties) = preSolution
		HideSolutionNode = FALSE
	EndGlobalSection
	GlobalSection(ExtensibilityGlobals) = postSolution
		SolutionGuid = {A7BAA3BD-0D87-478E-81C7-498D326F4AC9}
	EndGlobalSection
EndGlobal
